{
    "name": "jp.keijiro.pcx",
    "version": "1.0.0",
    "lockfileVersion": 3,
    "requires": true,
    "packages": {
        "": {
            "name": "jp.keijiro.pcx",
            "version": "1.0.0",
            "license": "UNLICENSED",
            "dependencies": {
                "jp.keijiro.pcx": "file:"
            }
        },
        "node_modules/jp.keijiro.pcx": {
            "resolved": "",
            "link": true
        }
    }
}
